// !$*UTF8*$!
{
	archiveVersion = 1;
	classes = {
	};
	objectVersion = 56;
	objects = {

/* Begin PBXBuildFile section */
		AA000000000000000000010 /* CutAndShake.m in Sources */       = {isa = PBXBuildFile; fileRef = AA00000000000000000000D /* CutAndShake.m */; };
		AA000000000000000000011 /* IBdialog.xib in Resources */       = {isa = PBXBuildFile; fileRef = AA00000000000000000000F /* IBdialog.xib */; };
		AA000000000000000000030 /* en IBdialog.strings in Resources */ = {isa = PBXBuildFile; fileRef = AA000000000000000000031 /* en/IBdialog.strings */; };
		AA000000000000000000032 /* de IBdialog.strings in Resources */ = {isa = PBXBuildFile; fileRef = AA000000000000000000033 /* de/IBdialog.strings */; };
		AA000000000000000000034 /* fr IBdialog.strings in Resources */ = {isa = PBXBuildFile; fileRef = AA000000000000000000035 /* fr/IBdialog.strings */; };
		AA000000000000000000036 /* es IBdialog.strings in Resources */ = {isa = PBXBuildFile; fileRef = AA000000000000000000037 /* es/IBdialog.strings */; };
		AA000000000000000000038 /* zh_CN IBdialog.strings in Resources */ = {isa = PBXBuildFile; fileRef = AA000000000000000000039 /* zh_CN/IBdialog.strings */; };
/* End PBXBuildFile section */

/* Begin PBXFileReference section */
		AA00000000000000000000C /* CutAndShake.h */    = {isa = PBXFileReference; lastKnownFileType = sourcecode.c.h;    path = CutAndShake.h;    sourceTree = "<group>"; };
		AA00000000000000000000D /* CutAndShake.m */    = {isa = PBXFileReference; lastKnownFileType = sourcecode.c.objc; path = CutAndShake.m;    sourceTree = "<group>"; };
		AA00000000000000000000E /* Info.plist */        = {isa = PBXFileReference; lastKnownFileType = text.plist.xml;    path = Info.plist;        sourceTree = "<group>"; };
		AA00000000000000000000F /* IBdialog.xib */      = {isa = PBXFileReference; lastKnownFileType = file.xib;          path = IBdialog.xib;      sourceTree = "<group>"; };
		AA000000000000000000015 /* CutAndShake.glyphsFilter */ = {isa = PBXFileReference; explicitFileType = wrapper.cfbundle; includeInIndex = 0; path = CutAndShake.glyphsFilter; sourceTree = BUILT_PRODUCTS_DIR; };
		AA000000000000000000031 /* en/IBdialog.strings */    = {isa = PBXFileReference; lastKnownFileType = text.plist.strings; name = "IBdialog.strings"; path = "en.lproj/IBdialog.strings";    sourceTree = "<group>"; };
		AA000000000000000000033 /* de/IBdialog.strings */    = {isa = PBXFileReference; lastKnownFileType = text.plist.strings; name = "IBdialog.strings"; path = "de.lproj/IBdialog.strings";    sourceTree = "<group>"; };
		AA000000000000000000035 /* fr/IBdialog.strings */    = {isa = PBXFileReference; lastKnownFileType = text.plist.strings; name = "IBdialog.strings"; path = "fr.lproj/IBdialog.strings";    sourceTree = "<group>"; };
		AA000000000000000000037 /* es/IBdialog.strings */    = {isa = PBXFileReference; lastKnownFileType = text.plist.strings; name = "IBdialog.strings"; path = "es.lproj/IBdialog.strings";    sourceTree = "<group>"; };
		AA000000000000000000039 /* zh_CN/IBdialog.strings */ = {isa = PBXFileReference; lastKnownFileType = text.plist.strings; name = "IBdialog.strings"; path = "zh_CN.lproj/IBdialog.strings"; sourceTree = "<group>"; };
/* End PBXFileReference section */

/* Begin PBXFrameworksBuildPhase section */
		AA00000000000000000000B /* Frameworks */ = {
			isa = PBXFrameworksBuildPhase;
			buildActionMask = 2147483647;
			files = (
			);
			runOnlyForDeploymentPostprocessing = 0;
		};
/* End PBXFrameworksBuildPhase section */

/* Begin PBXGroup section */
		AA000000000000000000012 /* CutAndShake (root) */ = {
			isa = PBXGroup;
			children = (
				AA000000000000000000013 /* CutAndShake */,
				AA000000000000000000014 /* Products */,
			);
			sourceTree = "<group>";
		};
		AA000000000000000000013 /* CutAndShake */ = {
			isa = PBXGroup;
			children = (
				AA00000000000000000000C /* CutAndShake.h */,
				AA00000000000000000000D /* CutAndShake.m */,
				AA00000000000000000000E /* Info.plist */,
				AA000000000000000000022 /* Base.lproj */,
				AA000000000000000000040 /* Localizations */,
			);
			path = CutAndShake;
			sourceTree = "<group>";
		};
		AA000000000000000000040 /* Localizations */ = {
			isa = PBXGroup;
			children = (
				AA000000000000000000031 /* en/IBdialog.strings */,
				AA000000000000000000033 /* de/IBdialog.strings */,
				AA000000000000000000035 /* fr/IBdialog.strings */,
				AA000000000000000000037 /* es/IBdialog.strings */,
				AA000000000000000000039 /* zh_CN/IBdialog.strings */,
			);
			name = Localizations;
			sourceTree = "<group>";
		};
		AA000000000000000000014 /* Products */ = {
			isa = PBXGroup;
			children = (
				AA000000000000000000015 /* CutAndShake.glyphsFilter */,
			);
			name = Products;
			sourceTree = "<group>";
		};
		AA000000000000000000022 /* Base.lproj */ = {
			isa = PBXGroup;
			children = (
				AA00000000000000000000F /* IBdialog.xib */,
			);
			name = "Base.lproj";
			path = "Base.lproj";
			sourceTree = "<group>";
		};
/* End PBXGroup section */

/* Begin PBXNativeTarget section */
		AA000000000000000000002 /* CutAndShake */ = {
			isa = PBXNativeTarget;
			buildConfigurationList = AA000000000000000000004 /* Build configuration list for PBXNativeTarget "CutAndShake" */;
			buildPhases = (
				AA000000000000000000009 /* Sources */,
				AA00000000000000000000B /* Frameworks */,
				AA000000000000000000A00 /* Resources */,
			);
			buildRules = (
			);
			dependencies = (
			);
			name = CutAndShake;
			productName = CutAndShake;
			productReference = AA000000000000000000015 /* CutAndShake.glyphsFilter */;
			productType = "com.apple.product-type.bundle";
		};
/* End PBXNativeTarget section */

/* Begin PBXProject section */
		AA000000000000000000001 /* Project object */ = {
			isa = PBXProject;
			attributes = {
				BuildIndependentTargetsInParallel = 1;
				LastUpgradeCheck = 1500;
				TargetAttributes = {
					AA000000000000000000002 = {
						CreatedOnToolsVersion = 15.0;
					};
				};
			};
			buildConfigurationList = AA000000000000000000003 /* Build configuration list for PBXProject "CutAndShake" */;
			compatibilityVersion = "Xcode 14.0";
			developmentRegion = en;
			hasScannedForEncodings = 0;
			knownRegions = (
				en,
				Base,
			);
			mainGroup = AA000000000000000000012;
			productRefGroup = AA000000000000000000014 /* Products */;
			projectDirPath = "";
			projectRoot = "";
			targets = (
				AA000000000000000000002 /* CutAndShake */,
			);
		};
/* End PBXProject section */

/* Begin PBXResourcesBuildPhase section */
		AA000000000000000000A00 /* Resources */ = {
			isa = PBXResourcesBuildPhase;
			buildActionMask = 2147483647;
			files = (
				AA000000000000000000011 /* IBdialog.xib in Resources */,
				AA000000000000000000030 /* en IBdialog.strings in Resources */,
				AA000000000000000000032 /* de IBdialog.strings in Resources */,
				AA000000000000000000034 /* fr IBdialog.strings in Resources */,
				AA000000000000000000036 /* es IBdialog.strings in Resources */,
				AA000000000000000000038 /* zh_CN IBdialog.strings in Resources */,
			);
			runOnlyForDeploymentPostprocessing = 0;
		};
/* End PBXResourcesBuildPhase section */

/* Begin PBXSourcesBuildPhase section */
		AA000000000000000000009 /* Sources */ = {
			isa = PBXSourcesBuildPhase;
			buildActionMask = 2147483647;
			files = (
				AA000000000000000000010 /* CutAndShake.m in Sources */,
			);
			runOnlyForDeploymentPostprocessing = 0;
		};
/* End PBXSourcesBuildPhase section */


/* Begin XCBuildConfiguration section */
		AA000000000000000000005 /* Debug (Project) */ = {
			isa = XCBuildConfiguration;
			buildSettings = {
				ALWAYS_SEARCH_USER_PATHS = NO;
				CLANG_ANALYZER_NONNULL = YES;
				CLANG_ANALYZER_NUMBER_OBJECT_CONVERSION = YES_AGGRESSIVE;
				CLANG_CXX_LANGUAGE_STANDARD = "gnu++17";
				CLANG_ENABLE_MODULES = YES;
				CLANG_ENABLE_OBJC_ARC = YES;
				CLANG_ENABLE_OBJC_WEAK = YES;
				CLANG_WARN_BLOCK_CAPTURE_AUTORELEASING = YES;
				CLANG_WARN_BOOL_CONVERSION = YES;
				CLANG_WARN_COMMA = YES;
				CLANG_WARN_CONSTANT_CONVERSION = YES;
				CLANG_WARN_DEPRECATED_OBJC_IMPLEMENTATIONS = YES;
				CLANG_WARN_DIRECT_OBJC_ISA_USAGE = YES_ERROR;
				CLANG_WARN_DOCUMENTATION_COMMENTS = YES;
				CLANG_WARN_EMPTY_BODY = YES;
				CLANG_WARN_ENUM_CONVERSION = YES;
				CLANG_WARN_INFINITE_RECURSION = YES;
				CLANG_WARN_INT_CONVERSION = YES;
				CLANG_WARN_NON_LITERAL_NULL_CONVERSION = YES;
				CLANG_WARN_OBJC_IMPLICIT_RETAIN_SELF = YES;
				CLANG_WARN_OBJC_LITERAL_CONVERSION = YES;
				CLANG_WARN_OBJC_ROOT_CLASS = YES_ERROR;
				CLANG_WARN_QUOTED_INCLUDE_IN_FRAMEWORK_HEADER = YES;
				CLANG_WARN_RANGE_LOOP_ANALYSIS = YES;
				CLANG_WARN_STRICT_PROTOTYPES = YES;
				CLANG_WARN_SUSPICIOUS_MOVE = YES;
				CLANG_WARN_UNGUARDED_AVAILABILITY = YES_AGGRESSIVE;
				CLANG_WARN_UNREACHABLE_CODE = YES;
				CLANG_WARN__DUPLICATE_METHOD_MATCH = YES;
				COPY_PHASE_STRIP = NO;
				DEBUG_INFORMATION_FORMAT = dwarf;
				ENABLE_STRICT_OBJC_MSGSEND = YES;
				ENABLE_TESTABILITY = YES;
				GCC_C_LANGUAGE_STANDARD = gnu17;
				GCC_DYNAMIC_NO_PIC = NO;
				GCC_NO_COMMON_BLOCKS = YES;
				GCC_OPTIMIZATION_LEVEL = 0;
				GCC_PREPROCESSOR_DEFINITIONS = (
					"DEBUG=1",
					"$(inherited)",
				);
				GCC_WARN_64_TO_32_BIT_CONVERSION = YES;
				GCC_WARN_ABOUT_RETURN_TYPE = YES_ERROR;
				GCC_WARN_UNDECLARED_SELECTOR = YES;
				GCC_WARN_UNINITIALIZED_AUTOS = YES_AGGRESSIVE;
				GCC_WARN_UNUSED_FUNCTION = YES;
				GCC_WARN_UNUSED_VARIABLE = YES;
				MACOSX_DEPLOYMENT_TARGET = 12.0;
				MTL_ENABLE_DEBUG_INFO = INCLUDE_SOURCE;
				MTL_FAST_MATH = YES;
				ONLY_ACTIVE_ARCH = YES;
				SDKROOT = macosx;
			};
			name = Debug;
		};
		AA000000000000000000006 /* Release (Project) */ = {
			isa = XCBuildConfiguration;
			buildSettings = {
				ALWAYS_SEARCH_USER_PATHS = NO;
				CLANG_ANALYZER_NONNULL = YES;
				CLANG_ANALYZER_NUMBER_OBJECT_CONVERSION = YES_AGGRESSIVE;
				CLANG_CXX_LANGUAGE_STANDARD = "gnu++17";
				CLANG_ENABLE_MODULES = YES;
				CLANG_ENABLE_OBJC_ARC = YES;
				CLANG_ENABLE_OBJC_WEAK = YES;
				CLANG_WARN_BLOCK_CAPTURE_AUTORELEASING = YES;
				CLANG_WARN_BOOL_CONVERSION = YES;
				CLANG_WARN_COMMA = YES;
				CLANG_WARN_CONSTANT_CONVERSION = YES;
				CLANG_WARN_DEPRECATED_OBJC_IMPLEMENTATIONS = YES;
				CLANG_WARN_DIRECT_OBJC_ISA_USAGE = YES_ERROR;
				CLANG_WARN_DOCUMENTATION_COMMENTS = YES;
				CLANG_WARN_EMPTY_BODY = YES;
				CLANG_WARN_ENUM_CONVERSION = YES;
				CLANG_WARN_INFINITE_RECURSION = YES;
				CLANG_WARN_INT_CONVERSION = YES;
				CLANG_WARN_NON_LITERAL_NULL_CONVERSION = YES;
				CLANG_WARN_OBJC_IMPLICIT_RETAIN_SELF = YES;
				CLANG_WARN_OBJC_LITERAL_CONVERSION = YES;
				CLANG_WARN_OBJC_ROOT_CLASS = YES_ERROR;
				CLANG_WARN_QUOTED_INCLUDE_IN_FRAMEWORK_HEADER = YES;
				CLANG_WARN_RANGE_LOOP_ANALYSIS = YES;
				CLANG_WARN_STRICT_PROTOTYPES = YES;
				CLANG_WARN_SUSPICIOUS_MOVE = YES;
				CLANG_WARN_UNGUARDED_AVAILABILITY = YES_AGGRESSIVE;
				CLANG_WARN_UNREACHABLE_CODE = YES;
				CLANG_WARN__DUPLICATE_METHOD_MATCH = YES;
				COPY_PHASE_STRIP = NO;
				DEBUG_INFORMATION_FORMAT = "dwarf-with-dsym";
				ENABLE_NS_ASSERTIONS = NO;
				ENABLE_STRICT_OBJC_MSGSEND = YES;
				GCC_C_LANGUAGE_STANDARD = gnu17;
				GCC_NO_COMMON_BLOCKS = YES;
				GCC_WARN_64_TO_32_BIT_CONVERSION = YES;
				GCC_WARN_ABOUT_RETURN_TYPE = YES_ERROR;
				GCC_WARN_UNDECLARED_SELECTOR = YES;
				GCC_WARN_UNINITIALIZED_AUTOS = YES_AGGRESSIVE;
				GCC_WARN_UNUSED_FUNCTION = YES;
				GCC_WARN_UNUSED_VARIABLE = YES;
				MACOSX_DEPLOYMENT_TARGET = 12.0;
				MTL_ENABLE_DEBUG_INFO = NO;
				MTL_FAST_MATH = YES;
				SDKROOT = macosx;
			};
			name = Release;
		};
		AA000000000000000000007 /* Debug (Target) */ = {
			isa = XCBuildConfiguration;
			buildSettings = {
				BUNDLE_LOADER = "";
				COMBINE_HIDPI_IMAGES = YES;
				FRAMEWORK_SEARCH_PATHS = (
					"$(inherited)",
					"$(GLYPHS_APP_PATH)/Contents/Frameworks",
				);
				HEADER_SEARCH_PATHS = (
					"$(inherited)",
					"$(GLYPHS_APP_PATH)/Contents/Frameworks/GlyphsCore.framework/Headers",
				);
				INFOPLIST_FILE = CutAndShake/Info.plist;
				INSTALL_PATH = "$(LOCAL_LIBRARY_DIR)/Application Support/Glyphs 3/Plugins";
				LD_RUNPATH_SEARCH_PATHS = (
					"$(inherited)",
					"@executable_path/../Frameworks",
					"@loader_path/Frameworks",
				);
				MACOSX_DEPLOYMENT_TARGET = 12.0;
				OTHER_LDFLAGS = "-undefined dynamic_lookup";
				PRODUCT_BUNDLE_IDENTIFIER = "com.mekkablue.CutAndShake";
				PRODUCT_NAME = CutAndShake;
				SKIP_INSTALL = YES;
				WRAPPER_EXTENSION = glyphsFilter;
			};
			name = Debug;
		};
		AA000000000000000000008 /* Release (Target) */ = {
			isa = XCBuildConfiguration;
			buildSettings = {
				BUNDLE_LOADER = "";
				COMBINE_HIDPI_IMAGES = YES;
				FRAMEWORK_SEARCH_PATHS = (
					"$(inherited)",
					"$(GLYPHS_APP_PATH)/Contents/Frameworks",
				);
				HEADER_SEARCH_PATHS = (
					"$(inherited)",
					"$(GLYPHS_APP_PATH)/Contents/Frameworks/GlyphsCore.framework/Headers",
				);
				INFOPLIST_FILE = CutAndShake/Info.plist;
				INSTALL_PATH = "$(LOCAL_LIBRARY_DIR)/Application Support/Glyphs 3/Plugins";
				LD_RUNPATH_SEARCH_PATHS = (
					"$(inherited)",
					"@executable_path/../Frameworks",
					"@loader_path/Frameworks",
				);
				MACOSX_DEPLOYMENT_TARGET = 12.0;
				OTHER_LDFLAGS = "-undefined dynamic_lookup";
				PRODUCT_BUNDLE_IDENTIFIER = "com.mekkablue.CutAndShake";
				PRODUCT_NAME = CutAndShake;
				SKIP_INSTALL = YES;
				WRAPPER_EXTENSION = glyphsFilter;
			};
			name = Release;
		};
/* End XCBuildConfiguration section */

/* Begin XCConfigurationList section */
		AA000000000000000000003 /* Build configuration list for PBXProject "CutAndShake" */ = {
			isa = XCConfigurationList;
			buildConfigurations = (
				AA000000000000000000005 /* Debug */,
				AA000000000000000000006 /* Release */,
			);
			defaultConfigurationIsVisible = 0;
			defaultConfigurationName = Release;
		};
		AA000000000000000000004 /* Build configuration list for PBXNativeTarget "CutAndShake" */ = {
			isa = XCConfigurationList;
			buildConfigurations = (
				AA000000000000000000007 /* Debug */,
				AA000000000000000000008 /* Release */,
			);
			defaultConfigurationIsVisible = 0;
			defaultConfigurationName = Release;
		};
/* End XCConfigurationList section */

	};
	rootObject = AA000000000000000000001 /* Project object */;
}
